
Microsoft Visual Studio Solution File, Format Version 12.00
# Visual Studio 2017
Project("{FAE04EC0-301F-11D3-BF4B-00C04F79EFBC}") = "CoreMVC", "CoreMVC.csproj", "{FA36009C-6320-4FE3-8576-18C657168A2F}"
EndProject
Global
	GlobalSection(SolutionConfigurationPlatforms) = preSolution
		Debug|Any CPU = Debug|Any CPU
		Release|Any CPU = Release|Any CPU
	EndGlobalSection
	GlobalSection(ProjectConfigurationPlatforms) = postSolution
		{FA36009C-6320-4FE3-8576-18C657168A2F}.Debug|Any CPU.ActiveCfg = Debug|Any CPU
		{FA36009C-6320-4FE3-8576-18C657168A2F}.Debug|Any CPU.Build.0 = Debug|Any CPU
		{FA36009C-6320-4FE3-8576-18C657168A2F}.Release|Any CPU.ActiveCfg = Release|Any CPU
		{FA36009C-6320-4FE3-8576-18C657168A2F}.Release|Any CPU.Build.0 = Release|Any CPU
	EndGlobalSection
EndGlobal
